// !$*UTF8*$!
{
	archiveVersion = 1;
	classes = {
	};
	objectVersion = 51;
	objects = {

/* Begin PBXBuildFile section */
		6AE7DEA0485F03E1D92A2D76 /* Pods_CustomTimerAppTests.framework in Frameworks */ = {isa = PBXBuildFile; fileRef = A6CB18D99146C04439CE8FAA /* Pods_CustomTimerAppTests.framework */; };
		6E941C49411327292A005CCC /* Pods_CustomTimerApp_CustomTimerAppUITests.framework in Frameworks */ = {isa = PBXBuildFile; fileRef = 09421752F8F8DF1349FCE1A9 /* Pods_CustomTimerApp_CustomTimerAppUITests.framework */; };
		750031E0271D6EE000971701 /* PerformBatchUpdatesProtocol.swift in Sources */ = {isa = PBXBuildFile; fileRef = 750031DF271D6EE000971701 /* PerformBatchUpdatesProtocol.swift */; };
		751A36D02707229E00715E43 /* TimerBehavior.swift in Sources */ = {isa = PBXBuildFile; fileRef = 751A36CF2707229E00715E43 /* TimerBehavior.swift */; };
		754C290C26F035DA0050252E /* UIViewController+Extension.swift in Sources */ = {isa = PBXBuildFile; fileRef = 754C290B26F035DA0050252E /* UIViewController+Extension.swift */; };
		754C291026F037000050252E /* CustomTimerCollectionViewCell.swift in Sources */ = {isa = PBXBuildFile; fileRef = 754C290E26F037000050252E /* CustomTimerCollectionViewCell.swift */; };
		754C291126F037000050252E /* CustomTimerCollectionViewCell.xib in Resources */ = {isa = PBXBuildFile; fileRef = 754C290F26F037000050252E /* CustomTimerCollectionViewCell.xib */; };
		7570113E26CCFCC200716E93 /* AppDelegate.swift in Sources */ = {isa = PBXBuildFile; fileRef = 7570113D26CCFCC200716E93 /* AppDelegate.swift */; };
		7570114026CCFCC200716E93 /* SceneDelegate.swift in Sources */ = {isa = PBXBuildFile; fileRef = 7570113F26CCFCC200716E93 /* SceneDelegate.swift */; };
		7570114726CCFCCC00716E93 /* Assets.xcassets in Resources */ = {isa = PBXBuildFile; fileRef = 7570114626CCFCCC00716E93 /* Assets.xcassets */; };
		7570114A26CCFCCC00716E93 /* LaunchScreen.storyboard in Resources */ = {isa = PBXBuildFile; fileRef = 7570114826CCFCCC00716E93 /* LaunchScreen.storyboard */; };
		7570115526CCFCCD00716E93 /* CustomTimerAppTests.swift in Sources */ = {isa = PBXBuildFile; fileRef = 7570115426CCFCCD00716E93 /* CustomTimerAppTests.swift */; };
		7570116026CCFCCD00716E93 /* CustomTimerAppUITests.swift in Sources */ = {isa = PBXBuildFile; fileRef = 7570115F26CCFCCD00716E93 /* CustomTimerAppUITests.swift */; };
		757AF5FA272FBA0700C85C70 /* GoogleService-Info.plist in Resources */ = {isa = PBXBuildFile; fileRef = 757AF5F9272FBA0700C85C70 /* GoogleService-Info.plist */; };
		757FEC242705B97D00E02B23 /* ShowAlertProtocol.swift in Sources */ = {isa = PBXBuildFile; fileRef = 757FEC232705B97D00E02B23 /* ShowAlertProtocol.swift */; };
		75888FB326E859B900F1A545 /* TimerCollectionViewCell.swift in Sources */ = {isa = PBXBuildFile; fileRef = 75888FB126E859B900F1A545 /* TimerCollectionViewCell.swift */; };
		75888FB426E859B900F1A545 /* TimerCollectionViewCell.xib in Resources */ = {isa = PBXBuildFile; fileRef = 75888FB226E859B900F1A545 /* TimerCollectionViewCell.xib */; };
		75888FB626E85C9300F1A545 /* CustomTimerComponent.swift in Sources */ = {isa = PBXBuildFile; fileRef = 75888FB526E85C9300F1A545 /* CustomTimerComponent.swift */; };
		7590EA75272CE2BE009137CD /* SignUpOrLogIn.storyboard in Resources */ = {isa = PBXBuildFile; fileRef = 7590EA74272CE2BE009137CD /* SignUpOrLogIn.storyboard */; };
		7590EA77272CE2EA009137CD /* SignUpOrLogInViewController.swift in Sources */ = {isa = PBXBuildFile; fileRef = 7590EA76272CE2EA009137CD /* SignUpOrLogInViewController.swift */; };
		7590EA79272CE328009137CD /* SignUp.storyboard in Resources */ = {isa = PBXBuildFile; fileRef = 7590EA78272CE328009137CD /* SignUp.storyboard */; };
		7590EA7B272CE336009137CD /* SignUpViewController.swift in Sources */ = {isa = PBXBuildFile; fileRef = 7590EA7A272CE336009137CD /* SignUpViewController.swift */; };
		7590EA7D272CE361009137CD /* LogIn.storyboard in Resources */ = {isa = PBXBuildFile; fileRef = 7590EA7C272CE361009137CD /* LogIn.storyboard */; };
		7590EA7F272CE36C009137CD /* LogInViewController.swift in Sources */ = {isa = PBXBuildFile; fileRef = 7590EA7E272CE36C009137CD /* LogInViewController.swift */; };
		7590EA82272CEF77009137CD /* ForgotPassword.storyboard in Resources */ = {isa = PBXBuildFile; fileRef = 7590EA81272CEF77009137CD /* ForgotPassword.storyboard */; };
		7590EA84272CEF85009137CD /* ForgotPasswordViewController.swift in Sources */ = {isa = PBXBuildFile; fileRef = 7590EA83272CEF85009137CD /* ForgotPasswordViewController.swift */; };
		75BCC7F827195D83001B5810 /* EditTimer.storyboard in Resources */ = {isa = PBXBuildFile; fileRef = 75BCC7F727195D83001B5810 /* EditTimer.storyboard */; };
		75BCC7FA27195DD8001B5810 /* EditTimerViewController.swift in Sources */ = {isa = PBXBuildFile; fileRef = 75BCC7F927195DD8001B5810 /* EditTimerViewController.swift */; };
		75BCC7FE27196912001B5810 /* EditTimerCollectionViewCell.swift in Sources */ = {isa = PBXBuildFile; fileRef = 75BCC7FC27196912001B5810 /* EditTimerCollectionViewCell.swift */; };
		75BCC7FF27196912001B5810 /* EditTimerCollectionViewCell.xib in Resources */ = {isa = PBXBuildFile; fileRef = 75BCC7FD27196912001B5810 /* EditTimerCollectionViewCell.xib */; };
		75BCC80127196948001B5810 /* EditTimerCollectionViewFlowLayout.swift in Sources */ = {isa = PBXBuildFile; fileRef = 75BCC80027196948001B5810 /* EditTimerCollectionViewFlowLayout.swift */; };
		75D28ED326F3118D000718DF /* CustomTimerCollectionViewFlowLayout.swift in Sources */ = {isa = PBXBuildFile; fileRef = 75D28ED226F3118D000718DF /* CustomTimerCollectionViewFlowLayout.swift */; };
		75D28F4A26F721D3000718DF /* UIImage+Extension.swift in Sources */ = {isa = PBXBuildFile; fileRef = 75D28F4926F721D3000718DF /* UIImage+Extension.swift */; };
		75D28FEB26F9D771000718DF /* TimePickerViewStructure.swift in Sources */ = {isa = PBXBuildFile; fileRef = 75D28FEA26F9D771000718DF /* TimePickerViewStructure.swift */; };
		75D2905A270050FB000718DF /* TimeString.swift in Sources */ = {isa = PBXBuildFile; fileRef = 75D29059270050FB000718DF /* TimeString.swift */; };
		75DC7B5626CFD92200A142BF /* TimerViewController.swift in Sources */ = {isa = PBXBuildFile; fileRef = 75DC7B5526CFD92200A142BF /* TimerViewController.swift */; };
		75DC7B5826CFD93900A142BF /* Timer.storyboard in Resources */ = {isa = PBXBuildFile; fileRef = 75DC7B5726CFD93900A142BF /* Timer.storyboard */; };
		75DC7B5A26CFD9D500A142BF /* CustomTimerViewController.swift in Sources */ = {isa = PBXBuildFile; fileRef = 75DC7B5926CFD9D500A142BF /* CustomTimerViewController.swift */; };
		75DC7B5C26CFD9E100A142BF /* CustomTimer.storyboard in Resources */ = {isa = PBXBuildFile; fileRef = 75DC7B5B26CFD9E100A142BF /* CustomTimer.storyboard */; };
		75DC7B5E26CFDA4000A142BF /* StartTimerViewController.swift in Sources */ = {isa = PBXBuildFile; fileRef = 75DC7B5D26CFDA4000A142BF /* StartTimerViewController.swift */; };
		75DC7B6026CFDA4D00A142BF /* StartTimer.storyboard in Resources */ = {isa = PBXBuildFile; fileRef = 75DC7B5F26CFDA4D00A142BF /* StartTimer.storyboard */; };
		75DC7B6226CFDA8B00A142BF /* SettingViewController.swift in Sources */ = {isa = PBXBuildFile; fileRef = 75DC7B6126CFDA8B00A142BF /* SettingViewController.swift */; };
		75DC7B6426CFDA9900A142BF /* Setting.storyboard in Resources */ = {isa = PBXBuildFile; fileRef = 75DC7B6326CFDA9900A142BF /* Setting.storyboard */; };
		75EC6612270BE94B0001F464 /* BellSound.mp3 in Resources */ = {isa = PBXBuildFile; fileRef = 75EC6611270BE94B0001F464 /* BellSound.mp3 */; };
		75EC6617270D803E0001F464 /* TimeManagement.swift in Sources */ = {isa = PBXBuildFile; fileRef = 75EC6616270D803E0001F464 /* TimeManagement.swift */; };
		75F6BD51272FC056007309B7 /* UserDataStore.swift in Sources */ = {isa = PBXBuildFile; fileRef = 75F6BD50272FC056007309B7 /* UserDataStore.swift */; };
		75F6BD54272FC3FA007309B7 /* UserRepository.swift in Sources */ = {isa = PBXBuildFile; fileRef = 75F6BD53272FC3FA007309B7 /* UserRepository.swift */; };
		75F6BD57272FC5A0007309B7 /* UserUseCase.swift in Sources */ = {isa = PBXBuildFile; fileRef = 75F6BD56272FC5A0007309B7 /* UserUseCase.swift */; };
		EE5123E968B3067D30B57464 /* Pods_CustomTimerApp.framework in Frameworks */ = {isa = PBXBuildFile; fileRef = 675847D9EEA9974C416449C5 /* Pods_CustomTimerApp.framework */; };
/* End PBXBuildFile section */

/* Begin PBXContainerItemProxy section */
		7570115126CCFCCD00716E93 /* PBXContainerItemProxy */ = {
			isa = PBXContainerItemProxy;
			containerPortal = 7570113226CCFCC200716E93 /* Project object */;
			proxyType = 1;
			remoteGlobalIDString = 7570113926CCFCC200716E93;
			remoteInfo = CustomTimerApp;
		};
		7570115C26CCFCCD00716E93 /* PBXContainerItemProxy */ = {
			isa = PBXContainerItemProxy;
			containerPortal = 7570113226CCFCC200716E93 /* Project object */;
			proxyType = 1;
			remoteGlobalIDString = 7570113926CCFCC200716E93;
			remoteInfo = CustomTimerApp;
		};
/* End PBXContainerItemProxy section */

/* Begin PBXFileReference section */
		09421752F8F8DF1349FCE1A9 /* Pods_CustomTimerApp_CustomTimerAppUITests.framework */ = {isa = PBXFileReference; explicitFileType = wrapper.framework; includeInIndex = 0; path = Pods_CustomTimerApp_CustomTimerAppUITests.framework; sourceTree = BUILT_PRODUCTS_DIR; };
		2E4BFF585CE62BEE0F894F88 /* Pods-CustomTimerAppTests.debug.xcconfig */ = {isa = PBXFileReference; includeInIndex = 1; lastKnownFileType = text.xcconfig; name = "Pods-CustomTimerAppTests.debug.xcconfig"; path = "Target Support Files/Pods-CustomTimerAppTests/Pods-CustomTimerAppTests.debug.xcconfig"; sourceTree = "<group>"; };
		39E932BD9FF0A52D59B2F0E0 /* Pods-CustomTimerApp.release.xcconfig */ = {isa = PBXFileReference; includeInIndex = 1; lastKnownFileType = text.xcconfig; name = "Pods-CustomTimerApp.release.xcconfig"; path = "Target Support Files/Pods-CustomTimerApp/Pods-CustomTimerApp.release.xcconfig"; sourceTree = "<group>"; };
		4B56B7398ED8EAC3879AF861 /* Pods-CustomTimerApp-CustomTimerAppUITests.debug.xcconfig */ = {isa = PBXFileReference; includeInIndex = 1; lastKnownFileType = text.xcconfig; name = "Pods-CustomTimerApp-CustomTimerAppUITests.debug.xcconfig"; path = "Target Support Files/Pods-CustomTimerApp-CustomTimerAppUITests/Pods-CustomTimerApp-CustomTimerAppUITests.debug.xcconfig"; sourceTree = "<group>"; };
		675847D9EEA9974C416449C5 /* Pods_CustomTimerApp.framework */ = {isa = PBXFileReference; explicitFileType = wrapper.framework; includeInIndex = 0; path = Pods_CustomTimerApp.framework; sourceTree = BUILT_PRODUCTS_DIR; };
		750031DF271D6EE000971701 /* PerformBatchUpdatesProtocol.swift */ = {isa = PBXFileReference; lastKnownFileType = sourcecode.swift; path = PerformBatchUpdatesProtocol.swift; sourceTree = "<group>"; };
		751A36CF2707229E00715E43 /* TimerBehavior.swift */ = {isa = PBXFileReference; lastKnownFileType = sourcecode.swift; path = TimerBehavior.swift; sourceTree = "<group>"; };
		754C290B26F035DA0050252E /* UIViewController+Extension.swift */ = {isa = PBXFileReference; lastKnownFileType = sourcecode.swift; path = "UIViewController+Extension.swift"; sourceTree = "<group>"; };
		754C290E26F037000050252E /* CustomTimerCollectionViewCell.swift */ = {isa = PBXFileReference; lastKnownFileType = sourcecode.swift; path = CustomTimerCollectionViewCell.swift; sourceTree = "<group>"; };
		754C290F26F037000050252E /* CustomTimerCollectionViewCell.xib */ = {isa = PBXFileReference; lastKnownFileType = file.xib; path = CustomTimerCollectionViewCell.xib; sourceTree = "<group>"; };
		7570113A26CCFCC200716E93 /* CustomTimerApp.app */ = {isa = PBXFileReference; explicitFileType = wrapper.application; includeInIndex = 0; path = CustomTimerApp.app; sourceTree = BUILT_PRODUCTS_DIR; };
		7570113D26CCFCC200716E93 /* AppDelegate.swift */ = {isa = PBXFileReference; lastKnownFileType = sourcecode.swift; path = AppDelegate.swift; sourceTree = "<group>"; };
		7570113F26CCFCC200716E93 /* SceneDelegate.swift */ = {isa = PBXFileReference; lastKnownFileType = sourcecode.swift; path = SceneDelegate.swift; sourceTree = "<group>"; };
		7570114626CCFCCC00716E93 /* Assets.xcassets */ = {isa = PBXFileReference; lastKnownFileType = folder.assetcatalog; path = Assets.xcassets; sourceTree = "<group>"; };
		7570114926CCFCCC00716E93 /* Base */ = {isa = PBXFileReference; lastKnownFileType = file.storyboard; name = Base; path = Base.lproj/LaunchScreen.storyboard; sourceTree = "<group>"; };
		7570114B26CCFCCC00716E93 /* Info.plist */ = {isa = PBXFileReference; lastKnownFileType = text.plist.xml; path = Info.plist; sourceTree = "<group>"; };
		7570115026CCFCCD00716E93 /* CustomTimerAppTests.xctest */ = {isa = PBXFileReference; explicitFileType = wrapper.cfbundle; includeInIndex = 0; path = CustomTimerAppTests.xctest; sourceTree = BUILT_PRODUCTS_DIR; };
		7570115426CCFCCD00716E93 /* CustomTimerAppTests.swift */ = {isa = PBXFileReference; lastKnownFileType = sourcecode.swift; path = CustomTimerAppTests.swift; sourceTree = "<group>"; };
		7570115626CCFCCD00716E93 /* Info.plist */ = {isa = PBXFileReference; lastKnownFileType = text.plist.xml; path = Info.plist; sourceTree = "<group>"; };
		7570115B26CCFCCD00716E93 /* CustomTimerAppUITests.xctest */ = {isa = PBXFileReference; explicitFileType = wrapper.cfbundle; includeInIndex = 0; path = CustomTimerAppUITests.xctest; sourceTree = BUILT_PRODUCTS_DIR; };
		7570115F26CCFCCD00716E93 /* CustomTimerAppUITests.swift */ = {isa = PBXFileReference; lastKnownFileType = sourcecode.swift; path = CustomTimerAppUITests.swift; sourceTree = "<group>"; };
		7570116126CCFCCD00716E93 /* Info.plist */ = {isa = PBXFileReference; lastKnownFileType = text.plist.xml; path = Info.plist; sourceTree = "<group>"; };
		757AF5F9272FBA0700C85C70 /* GoogleService-Info.plist */ = {isa = PBXFileReference; fileEncoding = 4; lastKnownFileType = text.plist.xml; path = "GoogleService-Info.plist"; sourceTree = "<group>"; };
		757FEC232705B97D00E02B23 /* ShowAlertProtocol.swift */ = {isa = PBXFileReference; lastKnownFileType = sourcecode.swift; path = ShowAlertProtocol.swift; sourceTree = "<group>"; };
		75888FB126E859B900F1A545 /* TimerCollectionViewCell.swift */ = {isa = PBXFileReference; lastKnownFileType = sourcecode.swift; path = TimerCollectionViewCell.swift; sourceTree = "<group>"; };
		75888FB226E859B900F1A545 /* TimerCollectionViewCell.xib */ = {isa = PBXFileReference; lastKnownFileType = file.xib; path = TimerCollectionViewCell.xib; sourceTree = "<group>"; };
		75888FB526E85C9300F1A545 /* CustomTimerComponent.swift */ = {isa = PBXFileReference; lastKnownFileType = sourcecode.swift; path = CustomTimerComponent.swift; sourceTree = "<group>"; };
		7590EA74272CE2BE009137CD /* SignUpOrLogIn.storyboard */ = {isa = PBXFileReference; lastKnownFileType = file.storyboard; path = SignUpOrLogIn.storyboard; sourceTree = "<group>"; };
		7590EA76272CE2EA009137CD /* SignUpOrLogInViewController.swift */ = {isa = PBXFileReference; lastKnownFileType = sourcecode.swift; path = SignUpOrLogInViewController.swift; sourceTree = "<group>"; };
		7590EA78272CE328009137CD /* SignUp.storyboard */ = {isa = PBXFileReference; lastKnownFileType = file.storyboard; path = SignUp.storyboard; sourceTree = "<group>"; };
		7590EA7A272CE336009137CD /* SignUpViewController.swift */ = {isa = PBXFileReference; lastKnownFileType = sourcecode.swift; path = SignUpViewController.swift; sourceTree = "<group>"; };
		7590EA7C272CE361009137CD /* LogIn.storyboard */ = {isa = PBXFileReference; lastKnownFileType = file.storyboard; path = LogIn.storyboard; sourceTree = "<group>"; };
		7590EA7E272CE36C009137CD /* LogInViewController.swift */ = {isa = PBXFileReference; lastKnownFileType = sourcecode.swift; path = LogInViewController.swift; sourceTree = "<group>"; };
		7590EA81272CEF77009137CD /* ForgotPassword.storyboard */ = {isa = PBXFileReference; lastKnownFileType = file.storyboard; path = ForgotPassword.storyboard; sourceTree = "<group>"; };
		7590EA83272CEF85009137CD /* ForgotPasswordViewController.swift */ = {isa = PBXFileReference; lastKnownFileType = sourcecode.swift; path = ForgotPasswordViewController.swift; sourceTree = "<group>"; };
		75BCC7F727195D83001B5810 /* EditTimer.storyboard */ = {isa = PBXFileReference; lastKnownFileType = file.storyboard; path = EditTimer.storyboard; sourceTree = "<group>"; };
		75BCC7F927195DD8001B5810 /* EditTimerViewController.swift */ = {isa = PBXFileReference; lastKnownFileType = sourcecode.swift; path = EditTimerViewController.swift; sourceTree = "<group>"; };
		75BCC7FC27196912001B5810 /* EditTimerCollectionViewCell.swift */ = {isa = PBXFileReference; lastKnownFileType = sourcecode.swift; path = EditTimerCollectionViewCell.swift; sourceTree = "<group>"; };
		75BCC7FD27196912001B5810 /* EditTimerCollectionViewCell.xib */ = {isa = PBXFileReference; lastKnownFileType = file.xib; path = EditTimerCollectionViewCell.xib; sourceTree = "<group>"; };
		75BCC80027196948001B5810 /* EditTimerCollectionViewFlowLayout.swift */ = {isa = PBXFileReference; lastKnownFileType = sourcecode.swift; path = EditTimerCollectionViewFlowLayout.swift; sourceTree = "<group>"; };
		75D28ED226F3118D000718DF /* CustomTimerCollectionViewFlowLayout.swift */ = {isa = PBXFileReference; lastKnownFileType = sourcecode.swift; path = CustomTimerCollectionViewFlowLayout.swift; sourceTree = "<group>"; };
		75D28F4926F721D3000718DF /* UIImage+Extension.swift */ = {isa = PBXFileReference; lastKnownFileType = sourcecode.swift; path = "UIImage+Extension.swift"; sourceTree = "<group>"; };
		75D28FEA26F9D771000718DF /* TimePickerViewStructure.swift */ = {isa = PBXFileReference; lastKnownFileType = sourcecode.swift; path = TimePickerViewStructure.swift; sourceTree = "<group>"; };
		75D29059270050FB000718DF /* TimeString.swift */ = {isa = PBXFileReference; lastKnownFileType = sourcecode.swift; path = TimeString.swift; sourceTree = "<group>"; };
		75DC7B5526CFD92200A142BF /* TimerViewController.swift */ = {isa = PBXFileReference; lastKnownFileType = sourcecode.swift; path = TimerViewController.swift; sourceTree = "<group>"; };
		75DC7B5726CFD93900A142BF /* Timer.storyboard */ = {isa = PBXFileReference; lastKnownFileType = file.storyboard; path = Timer.storyboard; sourceTree = "<group>"; };
		75DC7B5926CFD9D500A142BF /* CustomTimerViewController.swift */ = {isa = PBXFileReference; lastKnownFileType = sourcecode.swift; path = CustomTimerViewController.swift; sourceTree = "<group>"; };
		75DC7B5B26CFD9E100A142BF /* CustomTimer.storyboard */ = {isa = PBXFileReference; lastKnownFileType = file.storyboard; path = CustomTimer.storyboard; sourceTree = "<group>"; };
		75DC7B5D26CFDA4000A142BF /* StartTimerViewController.swift */ = {isa = PBXFileReference; lastKnownFileType = sourcecode.swift; path = StartTimerViewController.swift; sourceTree = "<group>"; };
		75DC7B5F26CFDA4D00A142BF /* StartTimer.storyboard */ = {isa = PBXFileReference; lastKnownFileType = file.storyboard; path = StartTimer.storyboard; sourceTree = "<group>"; };
		75DC7B6126CFDA8B00A142BF /* SettingViewController.swift */ = {isa = PBXFileReference; lastKnownFileType = sourcecode.swift; path = SettingViewController.swift; sourceTree = "<group>"; };
		75DC7B6326CFDA9900A142BF /* Setting.storyboard */ = {isa = PBXFileReference; lastKnownFileType = file.storyboard; path = Setting.storyboard; sourceTree = "<group>"; };
		75EC6611270BE94B0001F464 /* BellSound.mp3 */ = {isa = PBXFileReference; lastKnownFileType = audio.mp3; name = BellSound.mp3; path = ../../../../../Downloads/BellSound.mp3; sourceTree = "<group>"; };
		75EC6616270D803E0001F464 /* TimeManagement.swift */ = {isa = PBXFileReference; lastKnownFileType = sourcecode.swift; path = TimeManagement.swift; sourceTree = "<group>"; };
		75F6BD50272FC056007309B7 /* UserDataStore.swift */ = {isa = PBXFileReference; lastKnownFileType = sourcecode.swift; path = UserDataStore.swift; sourceTree = "<group>"; };
		75F6BD53272FC3FA007309B7 /* UserRepository.swift */ = {isa = PBXFileReference; lastKnownFileType = sourcecode.swift; path = UserRepository.swift; sourceTree = "<group>"; };
		75F6BD56272FC5A0007309B7 /* UserUseCase.swift */ = {isa = PBXFileReference; lastKnownFileType = sourcecode.swift; path = UserUseCase.swift; sourceTree = "<group>"; };
		97EA621A9F26672E348D4B12 /* Pods-CustomTimerApp.debug.xcconfig */ = {isa = PBXFileReference; includeInIndex = 1; lastKnownFileType = text.xcconfig; name = "Pods-CustomTimerApp.debug.xcconfig"; path = "Target Support Files/Pods-CustomTimerApp/Pods-CustomTimerApp.debug.xcconfig"; sourceTree = "<group>"; };
		A6CB18D99146C04439CE8FAA /* Pods_CustomTimerAppTests.framework */ = {isa = PBXFileReference; explicitFileType = wrapper.framework; includeInIndex = 0; path = Pods_CustomTimerAppTests.framework; sourceTree = BUILT_PRODUCTS_DIR; };
		F733A8E4E70FDFDDF5452D28 /* Pods-CustomTimerApp-CustomTimerAppUITests.release.xcconfig */ = {isa = PBXFileReference; includeInIndex = 1; lastKnownFileType = text.xcconfig; name = "Pods-CustomTimerApp-CustomTimerAppUITests.release.xcconfig"; path = "Target Support Files/Pods-CustomTimerApp-CustomTimerAppUITests/Pods-CustomTimerApp-CustomTimerAppUITests.release.xcconfig"; sourceTree = "<group>"; };
		F7600C74BFD87EB5689373D1 /* Pods-CustomTimerAppTests.release.xcconfig */ = {isa = PBXFileReference; includeInIndex = 1; lastKnownFileType = text.xcconfig; name = "Pods-CustomTimerAppTests.release.xcconfig"; path = "Target Support Files/Pods-CustomTimerAppTests/Pods-CustomTimerAppTests.release.xcconfig"; sourceTree = "<group>"; };
/* End PBXFileReference section */

/* Begin PBXFrameworksBuildPhase section */
		7570113726CCFCC200716E93 /* Frameworks */ = {
			isa = PBXFrameworksBuildPhase;
			buildActionMask = 2147483647;
			files = (
				EE5123E968B3067D30B57464 /* Pods_CustomTimerApp.framework in Frameworks */,
			);
			runOnlyForDeploymentPostprocessing = 0;
		};
		7570114D26CCFCCD00716E93 /* Frameworks */ = {
			isa = PBXFrameworksBuildPhase;
			buildActionMask = 2147483647;
			files = (
				6AE7DEA0485F03E1D92A2D76 /* Pods_CustomTimerAppTests.framework in Frameworks */,
			);
			runOnlyForDeploymentPostprocessing = 0;
		};
		7570115826CCFCCD00716E93 /* Frameworks */ = {
			isa = PBXFrameworksBuildPhase;
			buildActionMask = 2147483647;
			files = (
				6E941C49411327292A005CCC /* Pods_CustomTimerApp_CustomTimerAppUITests.framework in Frameworks */,
			);
			runOnlyForDeploymentPostprocessing = 0;
		};
/* End PBXFrameworksBuildPhase section */

/* Begin PBXGroup section */
		46E556587C68E450679B388D /* Pods */ = {
			isa = PBXGroup;
			children = (
				97EA621A9F26672E348D4B12 /* Pods-CustomTimerApp.debug.xcconfig */,
				39E932BD9FF0A52D59B2F0E0 /* Pods-CustomTimerApp.release.xcconfig */,
				4B56B7398ED8EAC3879AF861 /* Pods-CustomTimerApp-CustomTimerAppUITests.debug.xcconfig */,
				F733A8E4E70FDFDDF5452D28 /* Pods-CustomTimerApp-CustomTimerAppUITests.release.xcconfig */,
				2E4BFF585CE62BEE0F894F88 /* Pods-CustomTimerAppTests.debug.xcconfig */,
				F7600C74BFD87EB5689373D1 /* Pods-CustomTimerAppTests.release.xcconfig */,
			);
			path = Pods;
			sourceTree = "<group>";
		};
		754C290A26F035BE0050252E /* Extensions */ = {
			isa = PBXGroup;
			children = (
				754C290B26F035DA0050252E /* UIViewController+Extension.swift */,
				75D28F4926F721D3000718DF /* UIImage+Extension.swift */,
			);
			path = Extensions;
			sourceTree = "<group>";
		};
		7570113126CCFCC200716E93 = {
			isa = PBXGroup;
			children = (
				7570113C26CCFCC200716E93 /* CustomTimerApp */,
				7570115326CCFCCD00716E93 /* CustomTimerAppTests */,
				7570115E26CCFCCD00716E93 /* CustomTimerAppUITests */,
				7570113B26CCFCC200716E93 /* Products */,
				46E556587C68E450679B388D /* Pods */,
				A0C5783752630EB20B70F8FD /* Frameworks */,
			);
			sourceTree = "<group>";
		};
		7570113B26CCFCC200716E93 /* Products */ = {
			isa = PBXGroup;
			children = (
				7570113A26CCFCC200716E93 /* CustomTimerApp.app */,
				7570115026CCFCCD00716E93 /* CustomTimerAppTests.xctest */,
				7570115B26CCFCCD00716E93 /* CustomTimerAppUITests.xctest */,
			);
			name = Products;
			sourceTree = "<group>";
		};
		7570113C26CCFCC200716E93 /* CustomTimerApp */ = {
			isa = PBXGroup;
			children = (
				75F6BD4E272FC018007309B7 /* Domain */,
				75EC6610270BE93C0001F464 /* Sounds */,
				75D28FE926F9D736000718DF /* Utilities */,
				75D28ED126F31127000718DF /* CollectionViewFlowLayouts */,
				75DC7B5326CFD75C00A142BF /* CommonModels */,
				7570113D26CCFCC200716E93 /* AppDelegate.swift */,
				7570113F26CCFCC200716E93 /* SceneDelegate.swift */,
				7590EA70272CE19B009137CD /* User */,
				75EC65E7270ADE9E0001F464 /* Timer */,
				75EC65E9270ADF520001F464 /* CustomTimer */,
				75BCC7F627195D46001B5810 /* EditTimer */,
				75EC65EB270ADF9D0001F464 /* StartTimer */,
				75EC65EC270ADFD50001F464 /* Setting */,
				7570114626CCFCCC00716E93 /* Assets.xcassets */,
				7570114826CCFCCC00716E93 /* LaunchScreen.storyboard */,
				7570114B26CCFCCC00716E93 /* Info.plist */,
				757AF5F9272FBA0700C85C70 /* GoogleService-Info.plist */,
				754C290A26F035BE0050252E /* Extensions */,
				757FEC222705B96C00E02B23 /* Protocols */,
			);
			path = CustomTimerApp;
			sourceTree = "<group>";
		};
		7570115326CCFCCD00716E93 /* CustomTimerAppTests */ = {
			isa = PBXGroup;
			children = (
				7570115426CCFCCD00716E93 /* CustomTimerAppTests.swift */,
				7570115626CCFCCD00716E93 /* Info.plist */,
			);
			path = CustomTimerAppTests;
			sourceTree = "<group>";
		};
		7570115E26CCFCCD00716E93 /* CustomTimerAppUITests */ = {
			isa = PBXGroup;
			children = (
				7570115F26CCFCCD00716E93 /* CustomTimerAppUITests.swift */,
				7570116126CCFCCD00716E93 /* Info.plist */,
			);
			path = CustomTimerAppUITests;
			sourceTree = "<group>";
		};
		757FEC222705B96C00E02B23 /* Protocols */ = {
			isa = PBXGroup;
			children = (
				757FEC232705B97D00E02B23 /* ShowAlertProtocol.swift */,
				750031DF271D6EE000971701 /* PerformBatchUpdatesProtocol.swift */,
			);
			path = Protocols;
			sourceTree = "<group>";
		};
		7590EA70272CE19B009137CD /* User */ = {
			isa = PBXGroup;
			children = (
				7590EA71272CE240009137CD /* SignUpOrLogIn */,
				7590EA72272CE265009137CD /* SignUp */,
				7590EA73272CE26F009137CD /* LogIn */,
				7590EA80272CEF46009137CD /* ForgotPassword */,
			);
			path = User;
			sourceTree = "<group>";
		};
		7590EA71272CE240009137CD /* SignUpOrLogIn */ = {
			isa = PBXGroup;
			children = (
				7590EA74272CE2BE009137CD /* SignUpOrLogIn.storyboard */,
				7590EA76272CE2EA009137CD /* SignUpOrLogInViewController.swift */,
			);
			path = SignUpOrLogIn;
			sourceTree = "<group>";
		};
		7590EA72272CE265009137CD /* SignUp */ = {
			isa = PBXGroup;
			children = (
				7590EA78272CE328009137CD /* SignUp.storyboard */,
				7590EA7A272CE336009137CD /* SignUpViewController.swift */,
			);
			path = SignUp;
			sourceTree = "<group>";
		};
		7590EA73272CE26F009137CD /* LogIn */ = {
			isa = PBXGroup;
			children = (
				7590EA7C272CE361009137CD /* LogIn.storyboard */,
				7590EA7E272CE36C009137CD /* LogInViewController.swift */,
			);
			path = LogIn;
			sourceTree = "<group>";
		};
		7590EA80272CEF46009137CD /* ForgotPassword */ = {
			isa = PBXGroup;
			children = (
				7590EA81272CEF77009137CD /* ForgotPassword.storyboard */,
				7590EA83272CEF85009137CD /* ForgotPasswordViewController.swift */,
			);
			path = ForgotPassword;
			sourceTree = "<group>";
		};
		75BCC7F627195D46001B5810 /* EditTimer */ = {
			isa = PBXGroup;
			children = (
				75BCC7F727195D83001B5810 /* EditTimer.storyboard */,
				75BCC7F927195DD8001B5810 /* EditTimerViewController.swift */,
				75BCC7FB271968EC001B5810 /* Cells */,
			);
			path = EditTimer;
			sourceTree = "<group>";
		};
		75BCC7FB271968EC001B5810 /* Cells */ = {
			isa = PBXGroup;
			children = (
				75BCC7FC27196912001B5810 /* EditTimerCollectionViewCell.swift */,
				75BCC7FD27196912001B5810 /* EditTimerCollectionViewCell.xib */,
				75BCC80027196948001B5810 /* EditTimerCollectionViewFlowLayout.swift */,
			);
			path = Cells;
			sourceTree = "<group>";
		};
		75D28ED126F31127000718DF /* CollectionViewFlowLayouts */ = {
			isa = PBXGroup;
			children = (
				75D28ED226F3118D000718DF /* CustomTimerCollectionViewFlowLayout.swift */,
			);
			path = CollectionViewFlowLayouts;
			sourceTree = "<group>";
		};
		75D28FE926F9D736000718DF /* Utilities */ = {
			isa = PBXGroup;
			children = (
				75D28FEA26F9D771000718DF /* TimePickerViewStructure.swift */,
				75D29059270050FB000718DF /* TimeString.swift */,
			);
			path = Utilities;
			sourceTree = "<group>";
		};
		75DC7B5326CFD75C00A142BF /* CommonModels */ = {
			isa = PBXGroup;
			children = (
				75888FB526E85C9300F1A545 /* CustomTimerComponent.swift */,
			);
			path = CommonModels;
			sourceTree = "<group>";
		};
		75EC65E7270ADE9E0001F464 /* Timer */ = {
			isa = PBXGroup;
			children = (
				75DC7B5726CFD93900A142BF /* Timer.storyboard */,
				75DC7B5526CFD92200A142BF /* TimerViewController.swift */,
				75EC65E8270ADEE70001F464 /* Cells */,
			);
			path = Timer;
			sourceTree = "<group>";
		};
		75EC65E8270ADEE70001F464 /* Cells */ = {
			isa = PBXGroup;
			children = (
				75888FB126E859B900F1A545 /* TimerCollectionViewCell.swift */,
				75888FB226E859B900F1A545 /* TimerCollectionViewCell.xib */,
			);
			path = Cells;
			sourceTree = "<group>";
		};
		75EC65E9270ADF520001F464 /* CustomTimer */ = {
			isa = PBXGroup;
			children = (
				75DC7B5B26CFD9E100A142BF /* CustomTimer.storyboard */,
				75DC7B5926CFD9D500A142BF /* CustomTimerViewController.swift */,
				75EC65EA270ADF6A0001F464 /* Cells */,
			);
			path = CustomTimer;
			sourceTree = "<group>";
		};
		75EC65EA270ADF6A0001F464 /* Cells */ = {
			isa = PBXGroup;
			children = (
				754C290E26F037000050252E /* CustomTimerCollectionViewCell.swift */,
				754C290F26F037000050252E /* CustomTimerCollectionViewCell.xib */,
			);
			path = Cells;
			sourceTree = "<group>";
		};
		75EC65EB270ADF9D0001F464 /* StartTimer */ = {
			isa = PBXGroup;
			children = (
				75DC7B5F26CFDA4D00A142BF /* StartTimer.storyboard */,
				75DC7B5D26CFDA4000A142BF /* StartTimerViewController.swift */,
				751A36CF2707229E00715E43 /* TimerBehavior.swift */,
				75EC6616270D803E0001F464 /* TimeManagement.swift */,
			);
			path = StartTimer;
			sourceTree = "<group>";
		};
		75EC65EC270ADFD50001F464 /* Setting */ = {
			isa = PBXGroup;
			children = (
				75DC7B6326CFDA9900A142BF /* Setting.storyboard */,
				75DC7B6126CFDA8B00A142BF /* SettingViewController.swift */,
			);
			path = Setting;
			sourceTree = "<group>";
		};
		75EC6610270BE93C0001F464 /* Sounds */ = {
			isa = PBXGroup;
			children = (
				75EC6611270BE94B0001F464 /* BellSound.mp3 */,
			);
			path = Sounds;
			sourceTree = "<group>";
		};
		75F6BD4E272FC018007309B7 /* Domain */ = {
			isa = PBXGroup;
			children = (
				75F6BD5827301341007309B7 /* User */,
			);
			path = Domain;
			sourceTree = "<group>";
		};
		75F6BD5827301341007309B7 /* User */ = {
			isa = PBXGroup;
			children = (
				75F6BD50272FC056007309B7 /* UserDataStore.swift */,
				75F6BD53272FC3FA007309B7 /* UserRepository.swift */,
				75F6BD56272FC5A0007309B7 /* UserUseCase.swift */,
			);
			path = User;
			sourceTree = "<group>";
		};
		A0C5783752630EB20B70F8FD /* Frameworks */ = {
			isa = PBXGroup;
			children = (
				675847D9EEA9974C416449C5 /* Pods_CustomTimerApp.framework */,
				09421752F8F8DF1349FCE1A9 /* Pods_CustomTimerApp_CustomTimerAppUITests.framework */,
				A6CB18D99146C04439CE8FAA /* Pods_CustomTimerAppTests.framework */,
			);
			name = Frameworks;
			sourceTree = "<group>";
		};
/* End PBXGroup section */

/* Begin PBXNativeTarget section */
		7570113926CCFCC200716E93 /* CustomTimerApp */ = {
			isa = PBXNativeTarget;
			buildConfigurationList = 7570116426CCFCCD00716E93 /* Build configuration list for PBXNativeTarget "CustomTimerApp" */;
			buildPhases = (
				6CBC91C4009A804AD686DF12 /* [CP] Check Pods Manifest.lock */,
				7570113626CCFCC200716E93 /* Sources */,
				7570113726CCFCC200716E93 /* Frameworks */,
				7570113826CCFCC200716E93 /* Resources */,
				6259D1737B3300C534E8E9D6 /* [CP] Embed Pods Frameworks */,
			);
			buildRules = (
			);
			dependencies = (
			);
			name = CustomTimerApp;
			productName = CustomTimerApp;
			productReference = 7570113A26CCFCC200716E93 /* CustomTimerApp.app */;
			productType = "com.apple.product-type.application";
		};
		7570114F26CCFCCD00716E93 /* CustomTimerAppTests */ = {
			isa = PBXNativeTarget;
			buildConfigurationList = 7570116726CCFCCD00716E93 /* Build configuration list for PBXNativeTarget "CustomTimerAppTests" */;
			buildPhases = (
				DDE91366BB9FD195A522B879 /* [CP] Check Pods Manifest.lock */,
				7570114C26CCFCCD00716E93 /* Sources */,
				7570114D26CCFCCD00716E93 /* Frameworks */,
				7570114E26CCFCCD00716E93 /* Resources */,
			);
			buildRules = (
			);
			dependencies = (
				7570115226CCFCCD00716E93 /* PBXTargetDependency */,
			);
			name = CustomTimerAppTests;
			productName = CustomTimerAppTests;
			productReference = 7570115026CCFCCD00716E93 /* CustomTimerAppTests.xctest */;
			productType = "com.apple.product-type.bundle.unit-test";
		};
		7570115A26CCFCCD00716E93 /* CustomTimerAppUITests */ = {
			isa = PBXNativeTarget;
			buildConfigurationList = 7570116A26CCFCCD00716E93 /* Build configuration list for PBXNativeTarget "CustomTimerAppUITests" */;
			buildPhases = (
				AB2E0FF91403D4F6FF28B6F8 /* [CP] Check Pods Manifest.lock */,
				7570115726CCFCCD00716E93 /* Sources */,
				7570115826CCFCCD00716E93 /* Frameworks */,
				7570115926CCFCCD00716E93 /* Resources */,
				D50EDED003D2EE7E87F94CC8 /* [CP] Embed Pods Frameworks */,
			);
			buildRules = (
			);
			dependencies = (
				7570115D26CCFCCD00716E93 /* PBXTargetDependency */,
			);
			name = CustomTimerAppUITests;
			productName = CustomTimerAppUITests;
			productReference = 7570115B26CCFCCD00716E93 /* CustomTimerAppUITests.xctest */;
			productType = "com.apple.product-type.bundle.ui-testing";
		};
/* End PBXNativeTarget section */

/* Begin PBXProject section */
		7570113226CCFCC200716E93 /* Project object */ = {
			isa = PBXProject;
			attributes = {
				LastSwiftUpdateCheck = 1250;
				LastUpgradeCheck = 1250;
				TargetAttributes = {
					7570113926CCFCC200716E93 = {
						CreatedOnToolsVersion = 12.5.1;
					};
					7570114F26CCFCCD00716E93 = {
						CreatedOnToolsVersion = 12.5.1;
						TestTargetID = 7570113926CCFCC200716E93;
					};
					7570115A26CCFCCD00716E93 = {
						CreatedOnToolsVersion = 12.5.1;
						TestTargetID = 7570113926CCFCC200716E93;
					};
				};
			};
			buildConfigurationList = 7570113526CCFCC200716E93 /* Build configuration list for PBXProject "CustomTimerApp" */;
			compatibilityVersion = "Xcode 9.3";
			developmentRegion = en;
			hasScannedForEncodings = 0;
			knownRegions = (
				en,
				Base,
			);
			mainGroup = 7570113126CCFCC200716E93;
			productRefGroup = 7570113B26CCFCC200716E93 /* Products */;
			projectDirPath = "";
			projectRoot = "";
			targets = (
				7570113926CCFCC200716E93 /* CustomTimerApp */,
				7570114F26CCFCCD00716E93 /* CustomTimerAppTests */,
				7570115A26CCFCCD00716E93 /* CustomTimerAppUITests */,
			);
		};
/* End PBXProject section */

/* Begin PBXResourcesBuildPhase section */
		7570113826CCFCC200716E93 /* Resources */ = {
			isa = PBXResourcesBuildPhase;
			buildActionMask = 2147483647;
			files = (
				75DC7B5826CFD93900A142BF /* Timer.storyboard in Resources */,
				75EC6612270BE94B0001F464 /* BellSound.mp3 in Resources */,
				7570114A26CCFCCC00716E93 /* LaunchScreen.storyboard in Resources */,
				75DC7B6426CFDA9900A142BF /* Setting.storyboard in Resources */,
				75BCC7FF27196912001B5810 /* EditTimerCollectionViewCell.xib in Resources */,
				7570114726CCFCCC00716E93 /* Assets.xcassets in Resources */,
				75DC7B6026CFDA4D00A142BF /* StartTimer.storyboard in Resources */,
				7590EA82272CEF77009137CD /* ForgotPassword.storyboard in Resources */,
				7590EA79272CE328009137CD /* SignUp.storyboard in Resources */,
				757AF5FA272FBA0700C85C70 /* GoogleService-Info.plist in Resources */,
				7590EA75272CE2BE009137CD /* SignUpOrLogIn.storyboard in Resources */,
				75888FB426E859B900F1A545 /* TimerCollectionViewCell.xib in Resources */,
				75DC7B5C26CFD9E100A142BF /* CustomTimer.storyboard in Resources */,
				75BCC7F827195D83001B5810 /* EditTimer.storyboard in Resources */,
				7590EA7D272CE361009137CD /* LogIn.storyboard in Resources */,
				754C291126F037000050252E /* CustomTimerCollectionViewCell.xib in Resources */,
			);
			runOnlyForDeploymentPostprocessing = 0;
		};
		7570114E26CCFCCD00716E93 /* Resources */ = {
			isa = PBXResourcesBuildPhase;
			buildActionMask = 2147483647;
			files = (
			);
			runOnlyForDeploymentPostprocessing = 0;
		};
		7570115926CCFCCD00716E93 /* Resources */ = {
			isa = PBXResourcesBuildPhase;
			buildActionMask = 2147483647;
			files = (
			);
			runOnlyForDeploymentPostprocessing = 0;
		};
/* End PBXResourcesBuildPhase section */

/* Begin PBXShellScriptBuildPhase section */
		6259D1737B3300C534E8E9D6 /* [CP] Embed Pods Frameworks */ = {
			isa = PBXShellScriptBuildPhase;
			buildActionMask = 2147483647;
			files = (
			);
			inputFileListPaths = (
				"${PODS_ROOT}/Target Support Files/Pods-CustomTimerApp/Pods-CustomTimerApp-frameworks-${CONFIGURATION}-input-files.xcfilelist",
			);
			name = "[CP] Embed Pods Frameworks";
			outputFileListPaths = (
				"${PODS_ROOT}/Target Support Files/Pods-CustomTimerApp/Pods-CustomTimerApp-frameworks-${CONFIGURATION}-output-files.xcfilelist",
			);
			runOnlyForDeploymentPostprocessing = 0;
			shellPath = /bin/sh;
			shellScript = "\"${PODS_ROOT}/Target Support Files/Pods-CustomTimerApp/Pods-CustomTimerApp-frameworks.sh\"\n";
			showEnvVarsInLog = 0;
		};
		6CBC91C4009A804AD686DF12 /* [CP] Check Pods Manifest.lock */ = {
			isa = PBXShellScriptBuildPhase;
			buildActionMask = 2147483647;
			files = (
			);
			inputFileListPaths = (
			);
			inputPaths = (
				"${PODS_PODFILE_DIR_PATH}/Podfile.lock",
				"${PODS_ROOT}/Manifest.lock",
			);
			name = "[CP] Check Pods Manifest.lock";
			outputFileListPaths = (
			);
			outputPaths = (
				"$(DERIVED_FILE_DIR)/Pods-CustomTimerApp-checkManifestLockResult.txt",
			);
			runOnlyForDeploymentPostprocessing = 0;
			shellPath = /bin/sh;
			shellScript = "diff \"${PODS_PODFILE_DIR_PATH}/Podfile.lock\" \"${PODS_ROOT}/Manifest.lock\" > /dev/null\nif [ $? != 0 ] ; then\n    # print error to STDERR\n    echo \"error: The sandbox is not in sync with the Podfile.lock. Run 'pod install' or update your CocoaPods installation.\" >&2\n    exit 1\nfi\n# This output is used by Xcode 'outputs' to avoid re-running this script phase.\necho \"SUCCESS\" > \"${SCRIPT_OUTPUT_FILE_0}\"\n";
			showEnvVarsInLog = 0;
		};
		AB2E0FF91403D4F6FF28B6F8 /* [CP] Check Pods Manifest.lock */ = {
			isa = PBXShellScriptBuildPhase;
			buildActionMask = 2147483647;
			files = (
			);
			inputFileListPaths = (
			);
			inputPaths = (
				"${PODS_PODFILE_DIR_PATH}/Podfile.lock",
				"${PODS_ROOT}/Manifest.lock",
			);
			name = "[CP] Check Pods Manifest.lock";
			outputFileListPaths = (
			);
			outputPaths = (
				"$(DERIVED_FILE_DIR)/Pods-CustomTimerApp-CustomTimerAppUITests-checkManifestLockResult.txt",
			);
			runOnlyForDeploymentPostprocessing = 0;
			shellPath = /bin/sh;
			shellScript = "diff \"${PODS_PODFILE_DIR_PATH}/Podfile.lock\" \"${PODS_ROOT}/Manifest.lock\" > /dev/null\nif [ $? != 0 ] ; then\n    # print error to STDERR\n    echo \"error: The sandbox is not in sync with the Podfile.lock. Run 'pod install' or update your CocoaPods installation.\" >&2\n    exit 1\nfi\n# This output is used by Xcode 'outputs' to avoid re-running this script phase.\necho \"SUCCESS\" > \"${SCRIPT_OUTPUT_FILE_0}\"\n";
			showEnvVarsInLog = 0;
		};
		D50EDED003D2EE7E87F94CC8 /* [CP] Embed Pods Frameworks */ = {
			isa = PBXShellScriptBuildPhase;
			buildActionMask = 2147483647;
			files = (
			);
			inputFileListPaths = (
				"${PODS_ROOT}/Target Support Files/Pods-CustomTimerApp-CustomTimerAppUITests/Pods-CustomTimerApp-CustomTimerAppUITests-frameworks-${CONFIGURATION}-input-files.xcfilelist",
			);
			name = "[CP] Embed Pods Frameworks";
			outputFileListPaths = (
				"${PODS_ROOT}/Target Support Files/Pods-CustomTimerApp-CustomTimerAppUITests/Pods-CustomTimerApp-CustomTimerAppUITests-frameworks-${CONFIGURATION}-output-files.xcfilelist",
			);
			runOnlyForDeploymentPostprocessing = 0;
			shellPath = /bin/sh;
			shellScript = "\"${PODS_ROOT}/Target Support Files/Pods-CustomTimerApp-CustomTimerAppUITests/Pods-CustomTimerApp-CustomTimerAppUITests-frameworks.sh\"\n";
			showEnvVarsInLog = 0;
		};
		DDE91366BB9FD195A522B879 /* [CP] Check Pods Manifest.lock */ = {
			isa = PBXShellScriptBuildPhase;
			buildActionMask = 2147483647;
			files = (
			);
			inputFileListPaths = (
			);
			inputPaths = (
				"${PODS_PODFILE_DIR_PATH}/Podfile.lock",
				"${PODS_ROOT}/Manifest.lock",
			);
			name = "[CP] Check Pods Manifest.lock";
			outputFileListPaths = (
			);
			outputPaths = (
				"$(DERIVED_FILE_DIR)/Pods-CustomTimerAppTests-checkManifestLockResult.txt",
			);
			runOnlyForDeploymentPostprocessing = 0;
			shellPath = /bin/sh;
			shellScript = "diff \"${PODS_PODFILE_DIR_PATH}/Podfile.lock\" \"${PODS_ROOT}/Manifest.lock\" > /dev/null\nif [ $? != 0 ] ; then\n    # print error to STDERR\n    echo \"error: The sandbox is not in sync with the Podfile.lock. Run 'pod install' or update your CocoaPods installation.\" >&2\n    exit 1\nfi\n# This output is used by Xcode 'outputs' to avoid re-running this script phase.\necho \"SUCCESS\" > \"${SCRIPT_OUTPUT_FILE_0}\"\n";
			showEnvVarsInLog = 0;
		};
/* End PBXShellScriptBuildPhase section */

/* Begin PBXSourcesBuildPhase section */
		7570113626CCFCC200716E93 /* Sources */ = {
			isa = PBXSourcesBuildPhase;
			buildActionMask = 2147483647;
			files = (
				75EC6617270D803E0001F464 /* TimeManagement.swift in Sources */,
				754C290C26F035DA0050252E /* UIViewController+Extension.swift in Sources */,
				75BCC80127196948001B5810 /* EditTimerCollectionViewFlowLayout.swift in Sources */,
				754C291026F037000050252E /* CustomTimerCollectionViewCell.swift in Sources */,
				75DC7B5626CFD92200A142BF /* TimerViewController.swift in Sources */,
				7590EA77272CE2EA009137CD /* SignUpOrLogInViewController.swift in Sources */,
				7590EA7B272CE336009137CD /* SignUpViewController.swift in Sources */,
				75D28F4A26F721D3000718DF /* UIImage+Extension.swift in Sources */,
				75F6BD57272FC5A0007309B7 /* UserUseCase.swift in Sources */,
				7570113E26CCFCC200716E93 /* AppDelegate.swift in Sources */,
				75D2905A270050FB000718DF /* TimeString.swift in Sources */,
				75DC7B5E26CFDA4000A142BF /* StartTimerViewController.swift in Sources */,
				75F6BD54272FC3FA007309B7 /* UserRepository.swift in Sources */,
				7590EA84272CEF85009137CD /* ForgotPasswordViewController.swift in Sources */,
				75F6BD51272FC056007309B7 /* UserDataStore.swift in Sources */,
				75BCC7FE27196912001B5810 /* EditTimerCollectionViewCell.swift in Sources */,
				75DC7B5A26CFD9D500A142BF /* CustomTimerViewController.swift in Sources */,
				750031E0271D6EE000971701 /* PerformBatchUpdatesProtocol.swift in Sources */,
				75888FB626E85C9300F1A545 /* CustomTimerComponent.swift in Sources */,
				75888FB326E859B900F1A545 /* TimerCollectionViewCell.swift in Sources */,
				757FEC242705B97D00E02B23 /* ShowAlertProtocol.swift in Sources */,
				75D28FEB26F9D771000718DF /* TimePickerViewStructure.swift in Sources */,
				75D28ED326F3118D000718DF /* CustomTimerCollectionViewFlowLayout.swift in Sources */,
				75BCC7FA27195DD8001B5810 /* EditTimerViewController.swift in Sources */,
				7590EA7F272CE36C009137CD /* LogInViewController.swift in Sources */,
				75DC7B6226CFDA8B00A142BF /* SettingViewController.swift in Sources */,
				7570114026CCFCC200716E93 /* SceneDelegate.swift in Sources */,
				751A36D02707229E00715E43 /* TimerBehavior.swift in Sources */,
			);
			runOnlyForDeploymentPostprocessing = 0;
		};
		7570114C26CCFCCD00716E93 /* Sources */ = {
			isa = PBXSourcesBuildPhase;
			buildActionMask = 2147483647;
			files = (
				7570115526CCFCCD00716E93 /* CustomTimerAppTests.swift in Sources */,
			);
			runOnlyForDeploymentPostprocessing = 0;
		};
		7570115726CCFCCD00716E93 /* Sources */ = {
			isa = PBXSourcesBuildPhase;
			buildActionMask = 2147483647;
			files = (
				7570116026CCFCCD00716E93 /* CustomTimerAppUITests.swift in Sources */,
			);
			runOnlyForDeploymentPostprocessing = 0;
		};
/* End PBXSourcesBuildPhase section */

/* Begin PBXTargetDependency section */
		7570115226CCFCCD00716E93 /* PBXTargetDependency */ = {
			isa = PBXTargetDependency;
			target = 7570113926CCFCC200716E93 /* CustomTimerApp */;
			targetProxy = 7570115126CCFCCD00716E93 /* PBXContainerItemProxy */;
		};
		7570115D26CCFCCD00716E93 /* PBXTargetDependency */ = {
			isa = PBXTargetDependency;
			target = 7570113926CCFCC200716E93 /* CustomTimerApp */;
			targetProxy = 7570115C26CCFCCD00716E93 /* PBXContainerItemProxy */;
		};
/* End PBXTargetDependency section */

/* Begin PBXVariantGroup section */
		7570114826CCFCCC00716E93 /* LaunchScreen.storyboard */ = {
			isa = PBXVariantGroup;
			children = (
				7570114926CCFCCC00716E93 /* Base */,
			);
			name = LaunchScreen.storyboard;
			sourceTree = "<group>";
		};
/* End PBXVariantGroup section */

/* Begin XCBuildConfiguration section */
		7570116226CCFCCD00716E93 /* Debug */ = {
			isa = XCBuildConfiguration;
			buildSettings = {
				ALWAYS_SEARCH_USER_PATHS = NO;
				CLANG_ANALYZER_NONNULL = YES;
				CLANG_ANALYZER_NUMBER_OBJECT_CONVERSION = YES_AGGRESSIVE;
				CLANG_CXX_LANGUAGE_STANDARD = "gnu++14";
				CLANG_CXX_LIBRARY = "libc++";
				CLANG_ENABLE_MODULES = YES;
				CLANG_ENABLE_OBJC_ARC = YES;
				CLANG_ENABLE_OBJC_WEAK = YES;
				CLANG_WARN_BLOCK_CAPTURE_AUTORELEASING = YES;
				CLANG_WARN_BOOL_CONVERSION = YES;
				CLANG_WARN_COMMA = YES;
				CLANG_WARN_CONSTANT_CONVERSION = YES;
				CLANG_WARN_DEPRECATED_OBJC_IMPLEMENTATIONS = YES;
				CLANG_WARN_DIRECT_OBJC_ISA_USAGE = YES_ERROR;
				CLANG_WARN_DOCUMENTATION_COMMENTS = YES;
				CLANG_WARN_EMPTY_BODY = YES;
				CLANG_WARN_ENUM_CONVERSION = YES;
				CLANG_WARN_INFINITE_RECURSION = YES;
				CLANG_WARN_INT_CONVERSION = YES;
				CLANG_WARN_NON_LITERAL_NULL_CONVERSION = YES;
				CLANG_WARN_OBJC_IMPLICIT_RETAIN_SELF = YES;
				CLANG_WARN_OBJC_LITERAL_CONVERSION = YES;
				CLANG_WARN_OBJC_ROOT_CLASS = YES_ERROR;
				CLANG_WARN_QUOTED_INCLUDE_IN_FRAMEWORK_HEADER = YES;
				CLANG_WARN_RANGE_LOOP_ANALYSIS = YES;
				CLANG_WARN_STRICT_PROTOTYPES = YES;
				CLANG_WARN_SUSPICIOUS_MOVE = YES;
				CLANG_WARN_UNGUARDED_AVAILABILITY = YES_AGGRESSIVE;
				CLANG_WARN_UNREACHABLE_CODE = YES;
				CLANG_WARN__DUPLICATE_METHOD_MATCH = YES;
				COPY_PHASE_STRIP = NO;
				DEBUG_INFORMATION_FORMAT = dwarf;
				ENABLE_STRICT_OBJC_MSGSEND = YES;
				ENABLE_TESTABILITY = YES;
				GCC_C_LANGUAGE_STANDARD = gnu11;
				GCC_DYNAMIC_NO_PIC = NO;
				GCC_NO_COMMON_BLOCKS = YES;
				GCC_OPTIMIZATION_LEVEL = 0;
				GCC_PREPROCESSOR_DEFINITIONS = (
					"DEBUG=1",
					"$(inherited)",
				);
				GCC_WARN_64_TO_32_BIT_CONVERSION = YES;
				GCC_WARN_ABOUT_RETURN_TYPE = YES_ERROR;
				GCC_WARN_UNDECLARED_SELECTOR = YES;
				GCC_WARN_UNINITIALIZED_AUTOS = YES_AGGRESSIVE;
				GCC_WARN_UNUSED_FUNCTION = YES;
				GCC_WARN_UNUSED_VARIABLE = YES;
				IPHONEOS_DEPLOYMENT_TARGET = 15.0;
				MTL_ENABLE_DEBUG_INFO = INCLUDE_SOURCE;
				MTL_FAST_MATH = YES;
				ONLY_ACTIVE_ARCH = YES;
				SDKROOT = iphoneos;
				SWIFT_ACTIVE_COMPILATION_CONDITIONS = DEBUG;
				SWIFT_OPTIMIZATION_LEVEL = "-Onone";
			};
			name = Debug;
		};
		7570116326CCFCCD00716E93 /* Release */ = {
			isa = XCBuildConfiguration;
			buildSettings = {
				ALWAYS_SEARCH_USER_PATHS = NO;
				CLANG_ANALYZER_NONNULL = YES;
				CLANG_ANALYZER_NUMBER_OBJECT_CONVERSION = YES_AGGRESSIVE;
				CLANG_CXX_LANGUAGE_STANDARD = "gnu++14";
				CLANG_CXX_LIBRARY = "libc++";
				CLANG_ENABLE_MODULES = YES;
				CLANG_ENABLE_OBJC_ARC = YES;
				CLANG_ENABLE_OBJC_WEAK = YES;
				CLANG_WARN_BLOCK_CAPTURE_AUTORELEASING = YES;
				CLANG_WARN_BOOL_CONVERSION = YES;
				CLANG_WARN_COMMA = YES;
				CLANG_WARN_CONSTANT_CONVERSION = YES;
				CLANG_WARN_DEPRECATED_OBJC_IMPLEMENTATIONS = YES;
				CLANG_WARN_DIRECT_OBJC_ISA_USAGE = YES_ERROR;
				CLANG_WARN_DOCUMENTATION_COMMENTS = YES;
				CLANG_WARN_EMPTY_BODY = YES;
				CLANG_WARN_ENUM_CONVERSION = YES;
				CLANG_WARN_INFINITE_RECURSION = YES;
				CLANG_WARN_INT_CONVERSION = YES;
				CLANG_WARN_NON_LITERAL_NULL_CONVERSION = YES;
				CLANG_WARN_OBJC_IMPLICIT_RETAIN_SELF = YES;
				CLANG_WARN_OBJC_LITERAL_CONVERSION = YES;
				CLANG_WARN_OBJC_ROOT_CLASS = YES_ERROR;
				CLANG_WARN_QUOTED_INCLUDE_IN_FRAMEWORK_HEADER = YES;
				CLANG_WARN_RANGE_LOOP_ANALYSIS = YES;
				CLANG_WARN_STRICT_PROTOTYPES = YES;
				CLANG_WARN_SUSPICIOUS_MOVE = YES;
				CLANG_WARN_UNGUARDED_AVAILABILITY = YES_AGGRESSIVE;
				CLANG_WARN_UNREACHABLE_CODE = YES;
				CLANG_WARN__DUPLICATE_METHOD_MATCH = YES;
				COPY_PHASE_STRIP = NO;
				DEBUG_INFORMATION_FORMAT = "dwarf-with-dsym";
				ENABLE_NS_ASSERTIONS = NO;
				ENABLE_STRICT_OBJC_MSGSEND = YES;
				GCC_C_LANGUAGE_STANDARD = gnu11;
				GCC_NO_COMMON_BLOCKS = YES;
				GCC_WARN_64_TO_32_BIT_CONVERSION = YES;
				GCC_WARN_ABOUT_RETURN_TYPE = YES_ERROR;
				GCC_WARN_UNDECLARED_SELECTOR = YES;
				GCC_WARN_UNINITIALIZED_AUTOS = YES_AGGRESSIVE;
				GCC_WARN_UNUSED_FUNCTION = YES;
				GCC_WARN_UNUSED_VARIABLE = YES;
				IPHONEOS_DEPLOYMENT_TARGET = 15.0;
				MTL_ENABLE_DEBUG_INFO = NO;
				MTL_FAST_MATH = YES;
				SDKROOT = iphoneos;
				SWIFT_COMPILATION_MODE = wholemodule;
				SWIFT_OPTIMIZATION_LEVEL = "-O";
				VALIDATE_PRODUCT = YES;
			};
			name = Release;
		};
		7570116526CCFCCD00716E93 /* Debug */ = {
			isa = XCBuildConfiguration;
			baseConfigurationReference = 97EA621A9F26672E348D4B12 /* Pods-CustomTimerApp.debug.xcconfig */;
			buildSettings = {
				ASSETCATALOG_COMPILER_APPICON_NAME = AppIcon;
				ASSETCATALOG_COMPILER_GLOBAL_ACCENT_COLOR_NAME = AccentColor;
				CODE_SIGN_STYLE = Automatic;
				DEVELOPMENT_TEAM = N53995CJPD;
				INFOPLIST_FILE = CustomTimerApp/Info.plist;
				LD_RUNPATH_SEARCH_PATHS = (
					"$(inherited)",
					"@executable_path/Frameworks",
				);
				PRODUCT_BUNDLE_IDENTIFIER = com.tatsuo.CustomTimerApp;
				PRODUCT_NAME = "$(TARGET_NAME)";
				SWIFT_VERSION = 5.0;
				TARGETED_DEVICE_FAMILY = "1,2";
			};
			name = Debug;
		};
		7570116626CCFCCD00716E93 /* Release */ = {
			isa = XCBuildConfiguration;
			baseConfigurationReference = 39E932BD9FF0A52D59B2F0E0 /* Pods-CustomTimerApp.release.xcconfig */;
			buildSettings = {
				ASSETCATALOG_COMPILER_APPICON_NAME = AppIcon;
				ASSETCATALOG_COMPILER_GLOBAL_ACCENT_COLOR_NAME = AccentColor;
				CODE_SIGN_STYLE = Automatic;
				DEVELOPMENT_TEAM = N53995CJPD;
				INFOPLIST_FILE = CustomTimerApp/Info.plist;
				LD_RUNPATH_SEARCH_PATHS = (
					"$(inherited)",
					"@executable_path/Frameworks",
				);
				PRODUCT_BUNDLE_IDENTIFIER = com.tatsuo.CustomTimerApp;
				PRODUCT_NAME = "$(TARGET_NAME)";
				SWIFT_VERSION = 5.0;
				TARGETED_DEVICE_FAMILY = "1,2";
			};
			name = Release;
		};
		7570116826CCFCCD00716E93 /* Debug */ = {
			isa = XCBuildConfiguration;
			baseConfigurationReference = 2E4BFF585CE62BEE0F894F88 /* Pods-CustomTimerAppTests.debug.xcconfig */;
			buildSettings = {
				ALWAYS_EMBED_SWIFT_STANDARD_LIBRARIES = YES;
				BUNDLE_LOADER = "$(TEST_HOST)";
				CODE_SIGN_STYLE = Automatic;
				DEVELOPMENT_TEAM = N53995CJPD;
				INFOPLIST_FILE = CustomTimerAppTests/Info.plist;
				IPHONEOS_DEPLOYMENT_TARGET = 14.5;
				LD_RUNPATH_SEARCH_PATHS = (
					"$(inherited)",
					"@executable_path/Frameworks",
					"@loader_path/Frameworks",
				);
				PRODUCT_BUNDLE_IDENTIFIER = com.tatsuo.CustomTimerAppTests;
				PRODUCT_NAME = "$(TARGET_NAME)";
				SWIFT_VERSION = 5.0;
				TARGETED_DEVICE_FAMILY = "1,2";
				TEST_HOST = "$(BUILT_PRODUCTS_DIR)/CustomTimerApp.app/CustomTimerApp";
			};
			name = Debug;
		};
		7570116926CCFCCD00716E93 /* Release */ = {
			isa = XCBuildConfiguration;
			baseConfigurationReference = F7600C74BFD87EB5689373D1 /* Pods-CustomTimerAppTests.release.xcconfig */;
			buildSettings = {
				ALWAYS_EMBED_SWIFT_STANDARD_LIBRARIES = YES;
				BUNDLE_LOADER = "$(TEST_HOST)";
				CODE_SIGN_STYLE = Automatic;
				DEVELOPMENT_TEAM = N53995CJPD;
				INFOPLIST_FILE = CustomTimerAppTests/Info.plist;
				IPHONEOS_DEPLOYMENT_TARGET = 14.5;
				LD_RUNPATH_SEARCH_PATHS = (
					"$(inherited)",
					"@executable_path/Frameworks",
					"@loader_path/Frameworks",
				);
				PRODUCT_BUNDLE_IDENTIFIER = com.tatsuo.CustomTimerAppTests;
				PRODUCT_NAME = "$(TARGET_NAME)";
				SWIFT_VERSION = 5.0;
				TARGETED_DEVICE_FAMILY = "1,2";
				TEST_HOST = "$(BUILT_PRODUCTS_DIR)/CustomTimerApp.app/CustomTimerApp";
			};
			name = Release;
		};
		7570116B26CCFCCD00716E93 /* Debug */ = {
			isa = XCBuildConfiguration;
			baseConfigurationReference = 4B56B7398ED8EAC3879AF861 /* Pods-CustomTimerApp-CustomTimerAppUITests.debug.xcconfig */;
			buildSettings = {
				ALWAYS_EMBED_SWIFT_STANDARD_LIBRARIES = YES;
				CODE_SIGN_STYLE = Automatic;
				DEVELOPMENT_TEAM = N53995CJPD;
				INFOPLIST_FILE = CustomTimerAppUITests/Info.plist;
				LD_RUNPATH_SEARCH_PATHS = (
					"$(inherited)",
					"@executable_path/Frameworks",
					"@loader_path/Frameworks",
				);
				PRODUCT_BUNDLE_IDENTIFIER = com.tatsuo.CustomTimerAppUITests;
				PRODUCT_NAME = "$(TARGET_NAME)";
				SWIFT_VERSION = 5.0;
				TARGETED_DEVICE_FAMILY = "1,2";
				TEST_TARGET_NAME = CustomTimerApp;
			};
			name = Debug;
		};
		7570116C26CCFCCD00716E93 /* Release */ = {
			isa = XCBuildConfiguration;
			baseConfigurationReference = F733A8E4E70FDFDDF5452D28 /* Pods-CustomTimerApp-CustomTimerAppUITests.release.xcconfig */;
			buildSettings = {
				ALWAYS_EMBED_SWIFT_STANDARD_LIBRARIES = YES;
				CODE_SIGN_STYLE = Automatic;
				DEVELOPMENT_TEAM = N53995CJPD;
				INFOPLIST_FILE = CustomTimerAppUITests/Info.plist;
				LD_RUNPATH_SEARCH_PATHS = (
					"$(inherited)",
					"@executable_path/Frameworks",
					"@loader_path/Frameworks",
				);
				PRODUCT_BUNDLE_IDENTIFIER = com.tatsuo.CustomTimerAppUITests;
				PRODUCT_NAME = "$(TARGET_NAME)";
				SWIFT_VERSION = 5.0;
				TARGETED_DEVICE_FAMILY = "1,2";
				TEST_TARGET_NAME = CustomTimerApp;
			};
			name = Release;
		};
/* End XCBuildConfiguration section */

/* Begin XCConfigurationList section */
		7570113526CCFCC200716E93 /* Build configuration list for PBXProject "CustomTimerApp" */ = {
			isa = XCConfigurationList;
			buildConfigurations = (
				7570116226CCFCCD00716E93 /* Debug */,
				7570116326CCFCCD00716E93 /* Release */,
			);
			defaultConfigurationIsVisible = 0;
			defaultConfigurationName = Release;
		};
		7570116426CCFCCD00716E93 /* Build configuration list for PBXNativeTarget "CustomTimerApp" */ = {
			isa = XCConfigurationList;
			buildConfigurations = (
				7570116526CCFCCD00716E93 /* Debug */,
				7570116626CCFCCD00716E93 /* Release */,
			);
			defaultConfigurationIsVisible = 0;
			defaultConfigurationName = Release;
		};
		7570116726CCFCCD00716E93 /* Build configuration list for PBXNativeTarget "CustomTimerAppTests" */ = {
			isa = XCConfigurationList;
			buildConfigurations = (
				7570116826CCFCCD00716E93 /* Debug */,
				7570116926CCFCCD00716E93 /* Release */,
			);
			defaultConfigurationIsVisible = 0;
			defaultConfigurationName = Release;
		};
		7570116A26CCFCCD00716E93 /* Build configuration list for PBXNativeTarget "CustomTimerAppUITests" */ = {
			isa = XCConfigurationList;
			buildConfigurations = (
				7570116B26CCFCCD00716E93 /* Debug */,
				7570116C26CCFCCD00716E93 /* Release */,
			);
			defaultConfigurationIsVisible = 0;
			defaultConfigurationName = Release;
		};
/* End XCConfigurationList section */
	};
	rootObject = 7570113226CCFCC200716E93 /* Project object */;
}
